
Microsoft Visual Studio Solution File, Format Version 12.00
# Visual Studio Version 17
VisualStudioVersion = 17.7.34024.191
MinimumVisualStudioVersion = 10.0.40219.1
Project("{FAE04EC0-301F-11D3-BF4B-00C04F79EFBC}") = "Painter", "Painter.csproj", "{4F0E11FF-9A49-4FFB-9D7D-0E968AD31E69}"
EndProject
Global
	GlobalSection(SolutionConfigurationPlatforms) = preSolution
		Debug|Any CPU = Debug|Any CPU
		Release|Any CPU = Release|Any CPU
	EndGlobalSection
	GlobalSection(ProjectConfigurationPlatforms) = postSolution
		{4F0E11FF-9A49-4FFB-9D7D-0E968AD31E69}.Debug|Any CPU.ActiveCfg = Debug|Any CPU
		{4F0E11FF-9A49-4FFB-9D7D-0E968AD31E69}.Debug|Any CPU.Build.0 = Debug|Any CPU
		{4F0E11FF-9A49-4FFB-9D7D-0E968AD31E69}.Release|Any CPU.ActiveCfg = Release|Any CPU
		{4F0E11FF-9A49-4FFB-9D7D-0E968AD31E69}.Release|Any CPU.Build.0 = Release|Any CPU
	EndGlobalSection
	GlobalSection(SolutionProperties) = preSolution
		HideSolutionNode = FALSE
	EndGlobalSection
	GlobalSection(ExtensibilityGlobals) = postSolution
		SolutionGuid = {BA90CD94-BF6E-40EC-90A8-C2A32FA7E599}
	EndGlobalSection
EndGlobal
